
Microsoft Visual Studio Solution File, Format Version 12.00
# Visual Studio Version 17
VisualStudioVersion = 17.4.33205.214
MinimumVisualStudioVersion = 10.0.40219.1
Project("{FAE04EC0-301F-11D3-BF4B-00C04F79EFBC}") = "CMS-Api", "CMS-Api\CMS-Api.csproj", "{179248E6-2E5E-4A60-A30D-F0E9E0669CBE}"
EndProject
Global
	GlobalSection(SolutionConfigurationPlatforms) = preSolution
		Debug|Any CPU = Debug|Any CPU
		Release|Any CPU = Release|Any CPU
	EndGlobalSection
	GlobalSection(ProjectConfigurationPlatforms) = postSolution
		{179248E6-2E5E-4A60-A30D-F0E9E0669CBE}.Debug|Any CPU.ActiveCfg = Debug|Any CPU
		{179248E6-2E5E-4A60-A30D-F0E9E0669CBE}.Debug|Any CPU.Build.0 = Debug|Any CPU
		{179248E6-2E5E-4A60-A30D-F0E9E0669CBE}.Release|Any CPU.ActiveCfg = Release|Any CPU
		{179248E6-2E5E-4A60-A30D-F0E9E0669CBE}.Release|Any CPU.Build.0 = Release|Any CPU
	EndGlobalSection
	GlobalSection(SolutionProperties) = preSolution
		HideSolutionNode = FALSE
	EndGlobalSection
	GlobalSection(ExtensibilityGlobals) = postSolution
		SolutionGuid = {8239B11C-2FED-4177-BE20-966C38BFE9BA}
	EndGlobalSection
EndGlobal
