
Microsoft Visual Studio Solution File, Format Version 12.00
# Visual Studio Version 17
VisualStudioVersion = 17.4.33205.214
MinimumVisualStudioVersion = 10.0.40219.1
Project("{9A19103F-16F7-4668-BE54-9A1E7A4F7556}") = "CMS", "CMS\CMS.csproj", "{2B7A32F1-7349-40D4-8EA8-73E883E5C7BA}"
EndProject
Global
	GlobalSection(SolutionConfigurationPlatforms) = preSolution
		Debug|Any CPU = Debug|Any CPU
		Release|Any CPU = Release|Any CPU
	EndGlobalSection
	GlobalSection(ProjectConfigurationPlatforms) = postSolution
		{2B7A32F1-7349-40D4-8EA8-73E883E5C7BA}.Debug|Any CPU.ActiveCfg = Debug|Any CPU
		{2B7A32F1-7349-40D4-8EA8-73E883E5C7BA}.Debug|Any CPU.Build.0 = Debug|Any CPU
		{2B7A32F1-7349-40D4-8EA8-73E883E5C7BA}.Release|Any CPU.ActiveCfg = Release|Any CPU
		{2B7A32F1-7349-40D4-8EA8-73E883E5C7BA}.Release|Any CPU.Build.0 = Release|Any CPU
	EndGlobalSection
	GlobalSection(SolutionProperties) = preSolution
		HideSolutionNode = FALSE
	EndGlobalSection
	GlobalSection(ExtensibilityGlobals) = postSolution
		SolutionGuid = {8239B11C-2FED-4177-BE20-966C38BFE9BA}
	EndGlobalSection
EndGlobal
